
Microsoft Visual Studio Solution File, Format Version 12.00
# Visual Studio 15
VisualStudioVersion = 15.0.27703.2018
MinimumVisualStudioVersion = 10.0.40219.1
Project("{FAE04EC0-301F-11D3-BF4B-00C04F79EFBC}") = "Entidades", "CorreoLibrary\Entidades.csproj", "{8D9096F2-9943-4C36-B6F2-6CAA2CB478AC}"
EndProject
Project("{FAE04EC0-301F-11D3-BF4B-00C04F79EFBC}") = "MainCorreo", "MainCorreo\MainCorreo.csproj", "{78B46A6E-4B55-4B98-822C-B6A5A8F8589E}"
EndProject
Project("{FAE04EC0-301F-11D3-BF4B-00C04F79EFBC}") = "TestUnitario", "TestUnitario\TestUnitario.csproj", "{3A8A221B-C08C-4918-B5D3-FC582D78D91C}"
EndProject
Global
	GlobalSection(SolutionConfigurationPlatforms) = preSolution
		Debug|Any CPU = Debug|Any CPU
		Release|Any CPU = Release|Any CPU
	EndGlobalSection
	GlobalSection(ProjectConfigurationPlatforms) = postSolution
		{8D9096F2-9943-4C36-B6F2-6CAA2CB478AC}.Debug|Any CPU.ActiveCfg = Debug|Any CPU
		{8D9096F2-9943-4C36-B6F2-6CAA2CB478AC}.Debug|Any CPU.Build.0 = Debug|Any CPU
		{8D9096F2-9943-4C36-B6F2-6CAA2CB478AC}.Release|Any CPU.ActiveCfg = Release|Any CPU
		{8D9096F2-9943-4C36-B6F2-6CAA2CB478AC}.Release|Any CPU.Build.0 = Release|Any CPU
		{78B46A6E-4B55-4B98-822C-B6A5A8F8589E}.Debug|Any CPU.ActiveCfg = Debug|Any CPU
		{78B46A6E-4B55-4B98-822C-B6A5A8F8589E}.Debug|Any CPU.Build.0 = Debug|Any CPU
		{78B46A6E-4B55-4B98-822C-B6A5A8F8589E}.Release|Any CPU.ActiveCfg = Release|Any CPU
		{78B46A6E-4B55-4B98-822C-B6A5A8F8589E}.Release|Any CPU.Build.0 = Release|Any CPU
		{3A8A221B-C08C-4918-B5D3-FC582D78D91C}.Debug|Any CPU.ActiveCfg = Debug|Any CPU
		{3A8A221B-C08C-4918-B5D3-FC582D78D91C}.Debug|Any CPU.Build.0 = Debug|Any CPU
		{3A8A221B-C08C-4918-B5D3-FC582D78D91C}.Release|Any CPU.ActiveCfg = Release|Any CPU
		{3A8A221B-C08C-4918-B5D3-FC582D78D91C}.Release|Any CPU.Build.0 = Release|Any CPU
	EndGlobalSection
	GlobalSection(SolutionProperties) = preSolution
		HideSolutionNode = FALSE
	EndGlobalSection
	GlobalSection(ExtensibilityGlobals) = postSolution
		SolutionGuid = {5C39D24D-B330-4706-9939-727574B0FB15}
	EndGlobalSection
EndGlobal
