
Microsoft Visual Studio Solution File, Format Version 12.00
# Visual Studio 15
VisualStudioVersion = 15.0.27130.2024
MinimumVisualStudioVersion = 10.0.40219.1
Project("{FAE04EC0-301F-11D3-BF4B-00C04F79EFBC}") = "tp01", "tp01\tp01.csproj", "{966F6937-5E59-4F5E-80B8-615487112A00}"
EndProject
Project("{FAE04EC0-301F-11D3-BF4B-00C04F79EFBC}") = "BibliotecaCalculadora", "BibliotecaCalculadora\BibliotecaCalculadora.csproj", "{F7AB89D1-BFC1-4815-838B-9270FFAC9D6E}"
EndProject
Project("{FAE04EC0-301F-11D3-BF4B-00C04F79EFBC}") = "MiCalculadora", "MiCalculadora\MiCalculadora.csproj", "{FEC90B28-ADC5-4400-B8ED-D285DE471A65}"
EndProject
Global
	GlobalSection(SolutionConfigurationPlatforms) = preSolution
		Debug|Any CPU = Debug|Any CPU
		Release|Any CPU = Release|Any CPU
	EndGlobalSection
	GlobalSection(ProjectConfigurationPlatforms) = postSolution
		{966F6937-5E59-4F5E-80B8-615487112A00}.Debug|Any CPU.ActiveCfg = Debug|Any CPU
		{966F6937-5E59-4F5E-80B8-615487112A00}.Debug|Any CPU.Build.0 = Debug|Any CPU
		{966F6937-5E59-4F5E-80B8-615487112A00}.Release|Any CPU.ActiveCfg = Release|Any CPU
		{966F6937-5E59-4F5E-80B8-615487112A00}.Release|Any CPU.Build.0 = Release|Any CPU
		{F7AB89D1-BFC1-4815-838B-9270FFAC9D6E}.Debug|Any CPU.ActiveCfg = Debug|Any CPU
		{F7AB89D1-BFC1-4815-838B-9270FFAC9D6E}.Debug|Any CPU.Build.0 = Debug|Any CPU
		{F7AB89D1-BFC1-4815-838B-9270FFAC9D6E}.Release|Any CPU.ActiveCfg = Release|Any CPU
		{F7AB89D1-BFC1-4815-838B-9270FFAC9D6E}.Release|Any CPU.Build.0 = Release|Any CPU
		{FEC90B28-ADC5-4400-B8ED-D285DE471A65}.Debug|Any CPU.ActiveCfg = Debug|Any CPU
		{FEC90B28-ADC5-4400-B8ED-D285DE471A65}.Debug|Any CPU.Build.0 = Debug|Any CPU
		{FEC90B28-ADC5-4400-B8ED-D285DE471A65}.Release|Any CPU.ActiveCfg = Release|Any CPU
		{FEC90B28-ADC5-4400-B8ED-D285DE471A65}.Release|Any CPU.Build.0 = Release|Any CPU
	EndGlobalSection
	GlobalSection(SolutionProperties) = preSolution
		HideSolutionNode = FALSE
	EndGlobalSection
	GlobalSection(ExtensibilityGlobals) = postSolution
		SolutionGuid = {16974A58-0672-4C65-BB4B-A80D6585BE7B}
	EndGlobalSection
EndGlobal
